// !$*UTF8*$!
{
	archiveVersion = 1;
	classes = {
	};
	objectVersion = 55;
	objects = {

/* Begin PBXBuildFile section */
		F8619C66288F0FD400D94E0A /* AppDelegate.swift in Sources */ = {isa = PBXBuildFile; fileRef = F8619C65288F0FD400D94E0A /* AppDelegate.swift */; };
		F8619C68288F0FD400D94E0A /* SceneDelegate.swift in Sources */ = {isa = PBXBuildFile; fileRef = F8619C67288F0FD400D94E0A /* SceneDelegate.swift */; };
		F8619C6D288F0FD400D94E0A /* Main.storyboard in Resources */ = {isa = PBXBuildFile; fileRef = F8619C6B288F0FD400D94E0A /* Main.storyboard */; };
		F8619C6F288F0FD600D94E0A /* Assets.xcassets in Resources */ = {isa = PBXBuildFile; fileRef = F8619C6E288F0FD600D94E0A /* Assets.xcassets */; };
		F8619C72288F0FD600D94E0A /* LaunchScreen.storyboard in Resources */ = {isa = PBXBuildFile; fileRef = F8619C70288F0FD600D94E0A /* LaunchScreen.storyboard */; };
		F8619C7A288F13A100D94E0A /* CategoryTableViewController.swift in Sources */ = {isa = PBXBuildFile; fileRef = F8619C79288F13A100D94E0A /* CategoryTableViewController.swift */; };
		F8619C7C288F13BA00D94E0A /* MenuTableViewController.swift in Sources */ = {isa = PBXBuildFile; fileRef = F8619C7B288F13BA00D94E0A /* MenuTableViewController.swift */; };
		F8619C7E288F13CD00D94E0A /* OrderTableViewController.swift in Sources */ = {isa = PBXBuildFile; fileRef = F8619C7D288F13CD00D94E0A /* OrderTableViewController.swift */; };
		F8619C80288F15B400D94E0A /* MenuItemDetailViewController.swift in Sources */ = {isa = PBXBuildFile; fileRef = F8619C7F288F15B400D94E0A /* MenuItemDetailViewController.swift */; };
		F8619C82288F16FA00D94E0A /* MenuItem.swift in Sources */ = {isa = PBXBuildFile; fileRef = F8619C81288F16FA00D94E0A /* MenuItem.swift */; };
		F8619C84288F17BA00D94E0A /* ResponseModels.swift in Sources */ = {isa = PBXBuildFile; fileRef = F8619C83288F17BA00D94E0A /* ResponseModels.swift */; };
		F8619C86288F1AF000D94E0A /* MenuController.swift in Sources */ = {isa = PBXBuildFile; fileRef = F8619C85288F1AF000D94E0A /* MenuController.swift */; };
/* End PBXBuildFile section */

/* Begin PBXFileReference section */
		F8619C62288F0FD400D94E0A /* OrderApp.app */ = {isa = PBXFileReference; explicitFileType = wrapper.application; includeInIndex = 0; path = OrderApp.app; sourceTree = BUILT_PRODUCTS_DIR; };
		F8619C65288F0FD400D94E0A /* AppDelegate.swift */ = {isa = PBXFileReference; lastKnownFileType = sourcecode.swift; path = AppDelegate.swift; sourceTree = "<group>"; };
		F8619C67288F0FD400D94E0A /* SceneDelegate.swift */ = {isa = PBXFileReference; lastKnownFileType = sourcecode.swift; path = SceneDelegate.swift; sourceTree = "<group>"; };
		F8619C6C288F0FD400D94E0A /* Base */ = {isa = PBXFileReference; lastKnownFileType = file.storyboard; name = Base; path = Base.lproj/Main.storyboard; sourceTree = "<group>"; };
		F8619C6E288F0FD600D94E0A /* Assets.xcassets */ = {isa = PBXFileReference; lastKnownFileType = folder.assetcatalog; path = Assets.xcassets; sourceTree = "<group>"; };
		F8619C71288F0FD600D94E0A /* Base */ = {isa = PBXFileReference; lastKnownFileType = file.storyboard; name = Base; path = Base.lproj/LaunchScreen.storyboard; sourceTree = "<group>"; };
		F8619C73288F0FD600D94E0A /* Info.plist */ = {isa = PBXFileReference; lastKnownFileType = text.plist.xml; path = Info.plist; sourceTree = "<group>"; };
		F8619C79288F13A100D94E0A /* CategoryTableViewController.swift */ = {isa = PBXFileReference; lastKnownFileType = sourcecode.swift; path = CategoryTableViewController.swift; sourceTree = "<group>"; };
		F8619C7B288F13BA00D94E0A /* MenuTableViewController.swift */ = {isa = PBXFileReference; lastKnownFileType = sourcecode.swift; path = MenuTableViewController.swift; sourceTree = "<group>"; };
		F8619C7D288F13CD00D94E0A /* OrderTableViewController.swift */ = {isa = PBXFileReference; lastKnownFileType = sourcecode.swift; path = OrderTableViewController.swift; sourceTree = "<group>"; };
		F8619C7F288F15B400D94E0A /* MenuItemDetailViewController.swift */ = {isa = PBXFileReference; lastKnownFileType = sourcecode.swift; path = MenuItemDetailViewController.swift; sourceTree = "<group>"; };
		F8619C81288F16FA00D94E0A /* MenuItem.swift */ = {isa = PBXFileReference; lastKnownFileType = sourcecode.swift; path = MenuItem.swift; sourceTree = "<group>"; };
		F8619C83288F17BA00D94E0A /* ResponseModels.swift */ = {isa = PBXFileReference; lastKnownFileType = sourcecode.swift; path = ResponseModels.swift; sourceTree = "<group>"; };
		F8619C85288F1AF000D94E0A /* MenuController.swift */ = {isa = PBXFileReference; lastKnownFileType = sourcecode.swift; path = MenuController.swift; sourceTree = "<group>"; };
/* End PBXFileReference section */

/* Begin PBXFrameworksBuildPhase section */
		F8619C5F288F0FD400D94E0A /* Frameworks */ = {
			isa = PBXFrameworksBuildPhase;
			buildActionMask = 2147483647;
			files = (
			);
			runOnlyForDeploymentPostprocessing = 0;
		};
/* End PBXFrameworksBuildPhase section */

/* Begin PBXGroup section */
		F8619C59288F0FD400D94E0A = {
			isa = PBXGroup;
			children = (
				F8619C64288F0FD400D94E0A /* OrderApp */,
				F8619C63288F0FD400D94E0A /* Products */,
			);
			sourceTree = "<group>";
		};
		F8619C63288F0FD400D94E0A /* Products */ = {
			isa = PBXGroup;
			children = (
				F8619C62288F0FD400D94E0A /* OrderApp.app */,
			);
			name = Products;
			sourceTree = "<group>";
		};
		F8619C64288F0FD400D94E0A /* OrderApp */ = {
			isa = PBXGroup;
			children = (
				F8619C65288F0FD400D94E0A /* AppDelegate.swift */,
				F8619C67288F0FD400D94E0A /* SceneDelegate.swift */,
				F8619C6B288F0FD400D94E0A /* Main.storyboard */,
				F8619C6E288F0FD600D94E0A /* Assets.xcassets */,
				F8619C70288F0FD600D94E0A /* LaunchScreen.storyboard */,
				F8619C73288F0FD600D94E0A /* Info.plist */,
				F8619C79288F13A100D94E0A /* CategoryTableViewController.swift */,
				F8619C7B288F13BA00D94E0A /* MenuTableViewController.swift */,
				F8619C7D288F13CD00D94E0A /* OrderTableViewController.swift */,
				F8619C7F288F15B400D94E0A /* MenuItemDetailViewController.swift */,
				F8619C81288F16FA00D94E0A /* MenuItem.swift */,
				F8619C83288F17BA00D94E0A /* ResponseModels.swift */,
				F8619C85288F1AF000D94E0A /* MenuController.swift */,
			);
			path = OrderApp;
			sourceTree = "<group>";
		};
/* End PBXGroup section */

/* Begin PBXNativeTarget section */
		F8619C61288F0FD400D94E0A /* OrderApp */ = {
			isa = PBXNativeTarget;
			buildConfigurationList = F8619C76288F0FD600D94E0A /* Build configuration list for PBXNativeTarget "OrderApp" */;
			buildPhases = (
				F8619C5E288F0FD400D94E0A /* Sources */,
				F8619C5F288F0FD400D94E0A /* Frameworks */,
				F8619C60288F0FD400D94E0A /* Resources */,
			);
			buildRules = (
			);
			dependencies = (
			);
			name = OrderApp;
			productName = OrderApp;
			productReference = F8619C62288F0FD400D94E0A /* OrderApp.app */;
			productType = "com.apple.product-type.application";
		};
/* End PBXNativeTarget section */

/* Begin PBXProject section */
		F8619C5A288F0FD400D94E0A /* Project object */ = {
			isa = PBXProject;
			attributes = {
				BuildIndependentTargetsInParallel = 1;
				LastSwiftUpdateCheck = 1340;
				LastUpgradeCheck = 1340;
				TargetAttributes = {
					F8619C61288F0FD400D94E0A = {
						CreatedOnToolsVersion = 13.4.1;
					};
				};
			};
			buildConfigurationList = F8619C5D288F0FD400D94E0A /* Build configuration list for PBXProject "OrderApp" */;
			compatibilityVersion = "Xcode 13.0";
			developmentRegion = en;
			hasScannedForEncodings = 0;
			knownRegions = (
				en,
				Base,
			);
			mainGroup = F8619C59288F0FD400D94E0A;
			productRefGroup = F8619C63288F0FD400D94E0A /* Products */;
			projectDirPath = "";
			projectRoot = "";
			targets = (
				F8619C61288F0FD400D94E0A /* OrderApp */,
			);
		};
/* End PBXProject section */

/* Begin PBXResourcesBuildPhase section */
		F8619C60288F0FD400D94E0A /* Resources */ = {
			isa = PBXResourcesBuildPhase;
			buildActionMask = 2147483647;
			files = (
				F8619C72288F0FD600D94E0A /* LaunchScreen.storyboard in Resources */,
				F8619C6F288F0FD600D94E0A /* Assets.xcassets in Resources */,
				F8619C6D288F0FD400D94E0A /* Main.storyboard in Resources */,
			);
			runOnlyForDeploymentPostprocessing = 0;
		};
/* End PBXResourcesBuildPhase section */

/* Begin PBXSourcesBuildPhase section */
		F8619C5E288F0FD400D94E0A /* Sources */ = {
			isa = PBXSourcesBuildPhase;
			buildActionMask = 2147483647;
			files = (
				F8619C82288F16FA00D94E0A /* MenuItem.swift in Sources */,
				F8619C86288F1AF000D94E0A /* MenuController.swift in Sources */,
				F8619C7C288F13BA00D94E0A /* MenuTableViewController.swift in Sources */,
				F8619C84288F17BA00D94E0A /* ResponseModels.swift in Sources */,
				F8619C80288F15B400D94E0A /* MenuItemDetailViewController.swift in Sources */,
				F8619C7E288F13CD00D94E0A /* OrderTableViewController.swift in Sources */,
				F8619C66288F0FD400D94E0A /* AppDelegate.swift in Sources */,
				F8619C68288F0FD400D94E0A /* SceneDelegate.swift in Sources */,
				F8619C7A288F13A100D94E0A /* CategoryTableViewController.swift in Sources */,
			);
			runOnlyForDeploymentPostprocessing = 0;
		};
/* End PBXSourcesBuildPhase section */

/* Begin PBXVariantGroup section */
		F8619C6B288F0FD400D94E0A /* Main.storyboard */ = {
			isa = PBXVariantGroup;
			children = (
				F8619C6C288F0FD400D94E0A /* Base */,
			);
			name = Main.storyboard;
			sourceTree = "<group>";
		};
		F8619C70288F0FD600D94E0A /* LaunchScreen.storyboard */ = {
			isa = PBXVariantGroup;
			children = (
				F8619C71288F0FD600D94E0A /* Base */,
			);
			name = LaunchScreen.storyboard;
			sourceTree = "<group>";
		};
/* End PBXVariantGroup section */

/* Begin XCBuildConfiguration section */
		F8619C74288F0FD600D94E0A /* Debug */ = {
			isa = XCBuildConfiguration;
			buildSettings = {
				ALWAYS_SEARCH_USER_PATHS = NO;
				CLANG_ANALYZER_NONNULL = YES;
				CLANG_ANALYZER_NUMBER_OBJECT_CONVERSION = YES_AGGRESSIVE;
				CLANG_CXX_LANGUAGE_STANDARD = "gnu++17";
				CLANG_ENABLE_MODULES = YES;
				CLANG_ENABLE_OBJC_ARC = YES;
				CLANG_ENABLE_OBJC_WEAK = YES;
				CLANG_WARN_BLOCK_CAPTURE_AUTORELEASING = YES;
				CLANG_WARN_BOOL_CONVERSION = YES;
				CLANG_WARN_COMMA = YES;
				CLANG_WARN_CONSTANT_CONVERSION = YES;
				CLANG_WARN_DEPRECATED_OBJC_IMPLEMENTATIONS = YES;
				CLANG_WARN_DIRECT_OBJC_ISA_USAGE = YES_ERROR;
				CLANG_WARN_DOCUMENTATION_COMMENTS = YES;
				CLANG_WARN_EMPTY_BODY = YES;
				CLANG_WARN_ENUM_CONVERSION = YES;
				CLANG_WARN_INFINITE_RECURSION = YES;
				CLANG_WARN_INT_CONVERSION = YES;
				CLANG_WARN_NON_LITERAL_NULL_CONVERSION = YES;
				CLANG_WARN_OBJC_IMPLICIT_RETAIN_SELF = YES;
				CLANG_WARN_OBJC_LITERAL_CONVERSION = YES;
				CLANG_WARN_OBJC_ROOT_CLASS = YES_ERROR;
				CLANG_WARN_QUOTED_INCLUDE_IN_FRAMEWORK_HEADER = YES;
				CLANG_WARN_RANGE_LOOP_ANALYSIS = YES;
				CLANG_WARN_STRICT_PROTOTYPES = YES;
				CLANG_WARN_SUSPICIOUS_MOVE = YES;
				CLANG_WARN_UNGUARDED_AVAILABILITY = YES_AGGRESSIVE;
				CLANG_WARN_UNREACHABLE_CODE = YES;
				CLANG_WARN__DUPLICATE_METHOD_MATCH = YES;
				COPY_PHASE_STRIP = NO;
				DEBUG_INFORMATION_FORMAT = dwarf;
				ENABLE_STRICT_OBJC_MSGSEND = YES;
				ENABLE_TESTABILITY = YES;
				GCC_C_LANGUAGE_STANDARD = gnu11;
				GCC_DYNAMIC_NO_PIC = NO;
				GCC_NO_COMMON_BLOCKS = YES;
				GCC_OPTIMIZATION_LEVEL = 0;
				GCC_PREPROCESSOR_DEFINITIONS = (
					"DEBUG=1",
					"$(inherited)",
				);
				GCC_WARN_64_TO_32_BIT_CONVERSION = YES;
				GCC_WARN_ABOUT_RETURN_TYPE = YES_ERROR;
				GCC_WARN_UNDECLARED_SELECTOR = YES;
				GCC_WARN_UNINITIALIZED_AUTOS = YES_AGGRESSIVE;
				GCC_WARN_UNUSED_FUNCTION = YES;
				GCC_WARN_UNUSED_VARIABLE = YES;
				IPHONEOS_DEPLOYMENT_TARGET = 15.5;
				MTL_ENABLE_DEBUG_INFO = INCLUDE_SOURCE;
				MTL_FAST_MATH = YES;
				ONLY_ACTIVE_ARCH = YES;
				SDKROOT = iphoneos;
				SWIFT_ACTIVE_COMPILATION_CONDITIONS = DEBUG;
				SWIFT_OPTIMIZATION_LEVEL = "-Onone";
			};
			name = Debug;
		};
		F8619C75288F0FD600D94E0A /* Release */ = {
			isa = XCBuildConfiguration;
			buildSettings = {
				ALWAYS_SEARCH_USER_PATHS = NO;
				CLANG_ANALYZER_NONNULL = YES;
				CLANG_ANALYZER_NUMBER_OBJECT_CONVERSION = YES_AGGRESSIVE;
				CLANG_CXX_LANGUAGE_STANDARD = "gnu++17";
				CLANG_ENABLE_MODULES = YES;
				CLANG_ENABLE_OBJC_ARC = YES;
				CLANG_ENABLE_OBJC_WEAK = YES;
				CLANG_WARN_BLOCK_CAPTURE_AUTORELEASING = YES;
				CLANG_WARN_BOOL_CONVERSION = YES;
				CLANG_WARN_COMMA = YES;
				CLANG_WARN_CONSTANT_CONVERSION = YES;
				CLANG_WARN_DEPRECATED_OBJC_IMPLEMENTATIONS = YES;
				CLANG_WARN_DIRECT_OBJC_ISA_USAGE = YES_ERROR;
				CLANG_WARN_DOCUMENTATION_COMMENTS = YES;
				CLANG_WARN_EMPTY_BODY = YES;
				CLANG_WARN_ENUM_CONVERSION = YES;
				CLANG_WARN_INFINITE_RECURSION = YES;
				CLANG_WARN_INT_CONVERSION = YES;
				CLANG_WARN_NON_LITERAL_NULL_CONVERSION = YES;
				CLANG_WARN_OBJC_IMPLICIT_RETAIN_SELF = YES;
				CLANG_WARN_OBJC_LITERAL_CONVERSION = YES;
				CLANG_WARN_OBJC_ROOT_CLASS = YES_ERROR;
				CLANG_WARN_QUOTED_INCLUDE_IN_FRAMEWORK_HEADER = YES;
				CLANG_WARN_RANGE_LOOP_ANALYSIS = YES;
				CLANG_WARN_STRICT_PROTOTYPES = YES;
				CLANG_WARN_SUSPICIOUS_MOVE = YES;
				CLANG_WARN_UNGUARDED_AVAILABILITY = YES_AGGRESSIVE;
				CLANG_WARN_UNREACHABLE_CODE = YES;
				CLANG_WARN__DUPLICATE_METHOD_MATCH = YES;
				COPY_PHASE_STRIP = NO;
				DEBUG_INFORMATION_FORMAT = "dwarf-with-dsym";
				ENABLE_NS_ASSERTIONS = NO;
				ENABLE_STRICT_OBJC_MSGSEND = YES;
				GCC_C_LANGUAGE_STANDARD = gnu11;
				GCC_NO_COMMON_BLOCKS = YES;
				GCC_WARN_64_TO_32_BIT_CONVERSION = YES;
				GCC_WARN_ABOUT_RETURN_TYPE = YES_ERROR;
				GCC_WARN_UNDECLARED_SELECTOR = YES;
				GCC_WARN_UNINITIALIZED_AUTOS = YES_AGGRESSIVE;
				GCC_WARN_UNUSED_FUNCTION = YES;
				GCC_WARN_UNUSED_VARIABLE = YES;
				IPHONEOS_DEPLOYMENT_TARGET = 15.5;
				MTL_ENABLE_DEBUG_INFO = NO;
				MTL_FAST_MATH = YES;
				SDKROOT = iphoneos;
				SWIFT_COMPILATION_MODE = wholemodule;
				SWIFT_OPTIMIZATION_LEVEL = "-O";
				VALIDATE_PRODUCT = YES;
			};
			name = Release;
		};
		F8619C77288F0FD600D94E0A /* Debug */ = {
			isa = XCBuildConfiguration;
			buildSettings = {
				ASSETCATALOG_COMPILER_APPICON_NAME = AppIcon;
				ASSETCATALOG_COMPILER_GLOBAL_ACCENT_COLOR_NAME = AccentColor;
				CODE_SIGN_STYLE = Automatic;
				CURRENT_PROJECT_VERSION = 1;
				DEVELOPMENT_TEAM = EKZMJ583Y3;
				GENERATE_INFOPLIST_FILE = YES;
				INFOPLIST_FILE = OrderApp/Info.plist;
				INFOPLIST_KEY_UIApplicationSupportsIndirectInputEvents = YES;
				INFOPLIST_KEY_UILaunchStoryboardName = LaunchScreen;
				INFOPLIST_KEY_UIMainStoryboardFile = Main;
				INFOPLIST_KEY_UISupportedInterfaceOrientations_iPad = "UIInterfaceOrientationPortrait UIInterfaceOrientationPortraitUpsideDown UIInterfaceOrientationLandscapeLeft UIInterfaceOrientationLandscapeRight";
				INFOPLIST_KEY_UISupportedInterfaceOrientations_iPhone = "UIInterfaceOrientationPortrait UIInterfaceOrientationLandscapeLeft UIInterfaceOrientationLandscapeRight";
				LD_RUNPATH_SEARCH_PATHS = (
					"$(inherited)",
					"@executable_path/Frameworks",
				);
				MARKETING_VERSION = 1.0;
				PRODUCT_BUNDLE_IDENTIFIER = com.CRG.OrderApp;
				PRODUCT_NAME = "$(TARGET_NAME)";
				SWIFT_EMIT_LOC_STRINGS = YES;
				SWIFT_VERSION = 5.0;
				TARGETED_DEVICE_FAMILY = "1,2";
			};
			name = Debug;
		};
		F8619C78288F0FD600D94E0A /* Release */ = {
			isa = XCBuildConfiguration;
			buildSettings = {
				ASSETCATALOG_COMPILER_APPICON_NAME = AppIcon;
				ASSETCATALOG_COMPILER_GLOBAL_ACCENT_COLOR_NAME = AccentColor;
				CODE_SIGN_STYLE = Automatic;
				CURRENT_PROJECT_VERSION = 1;
				DEVELOPMENT_TEAM = EKZMJ583Y3;
				GENERATE_INFOPLIST_FILE = YES;
				INFOPLIST_FILE = OrderApp/Info.plist;
				INFOPLIST_KEY_UIApplicationSupportsIndirectInputEvents = YES;
				INFOPLIST_KEY_UILaunchStoryboardName = LaunchScreen;
				INFOPLIST_KEY_UIMainStoryboardFile = Main;
				INFOPLIST_KEY_UISupportedInterfaceOrientations_iPad = "UIInterfaceOrientationPortrait UIInterfaceOrientationPortraitUpsideDown UIInterfaceOrientationLandscapeLeft UIInterfaceOrientationLandscapeRight";
				INFOPLIST_KEY_UISupportedInterfaceOrientations_iPhone = "UIInterfaceOrientationPortrait UIInterfaceOrientationLandscapeLeft UIInterfaceOrientationLandscapeRight";
				LD_RUNPATH_SEARCH_PATHS = (
					"$(inherited)",
					"@executable_path/Frameworks",
				);
				MARKETING_VERSION = 1.0;
				PRODUCT_BUNDLE_IDENTIFIER = com.CRG.OrderApp;
				PRODUCT_NAME = "$(TARGET_NAME)";
				SWIFT_EMIT_LOC_STRINGS = YES;
				SWIFT_VERSION = 5.0;
				TARGETED_DEVICE_FAMILY = "1,2";
			};
			name = Release;
		};
/* End XCBuildConfiguration section */

/* Begin XCConfigurationList section */
		F8619C5D288F0FD400D94E0A /* Build configuration list for PBXProject "OrderApp" */ = {
			isa = XCConfigurationList;
			buildConfigurations = (
				F8619C74288F0FD600D94E0A /* Debug */,
				F8619C75288F0FD600D94E0A /* Release */,
			);
			defaultConfigurationIsVisible = 0;
			defaultConfigurationName = Release;
		};
		F8619C76288F0FD600D94E0A /* Build configuration list for PBXNativeTarget "OrderApp" */ = {
			isa = XCConfigurationList;
			buildConfigurations = (
				F8619C77288F0FD600D94E0A /* Debug */,
				F8619C78288F0FD600D94E0A /* Release */,
			);
			defaultConfigurationIsVisible = 0;
			defaultConfigurationName = Release;
		};
/* End XCConfigurationList section */
	};
	rootObject = F8619C5A288F0FD400D94E0A /* Project object */;
}
